
Microsoft Visual Studio Solution File, Format Version 12.00
# Visual Studio Version 17
VisualStudioVersion = 17.4.33213.308
MinimumVisualStudioVersion = 10.0.40219.1
Project("{9A19103F-16F7-4668-BE54-9A1E7A4F7556}") = "ConsoleApp1", "ConsoleApp1.csproj", "{217BCE8A-5B91-40FF-8DD2-E4DE4D58C3E2}"
EndProject
Project("{FAE04EC0-301F-11D3-BF4B-00C04F79EFBC}") = "PassengerSort", "..\PassengerSort\PassengerSort.csproj", "{5E5DE735-CDF6-40CB-B62B-0B0455037420}"
EndProject
Global
	GlobalSection(SolutionConfigurationPlatforms) = preSolution
		Debug|Any CPU = Debug|Any CPU
		Release|Any CPU = Release|Any CPU
	EndGlobalSection
	GlobalSection(ProjectConfigurationPlatforms) = postSolution
		{217BCE8A-5B91-40FF-8DD2-E4DE4D58C3E2}.Debug|Any CPU.ActiveCfg = Debug|Any CPU
		{217BCE8A-5B91-40FF-8DD2-E4DE4D58C3E2}.Debug|Any CPU.Build.0 = Debug|Any CPU
		{217BCE8A-5B91-40FF-8DD2-E4DE4D58C3E2}.Release|Any CPU.ActiveCfg = Release|Any CPU
		{217BCE8A-5B91-40FF-8DD2-E4DE4D58C3E2}.Release|Any CPU.Build.0 = Release|Any CPU
		{5E5DE735-CDF6-40CB-B62B-0B0455037420}.Debug|Any CPU.ActiveCfg = Debug|Any CPU
		{5E5DE735-CDF6-40CB-B62B-0B0455037420}.Debug|Any CPU.Build.0 = Debug|Any CPU
		{5E5DE735-CDF6-40CB-B62B-0B0455037420}.Release|Any CPU.ActiveCfg = Release|Any CPU
		{5E5DE735-CDF6-40CB-B62B-0B0455037420}.Release|Any CPU.Build.0 = Release|Any CPU
	EndGlobalSection
	GlobalSection(SolutionProperties) = preSolution
		HideSolutionNode = FALSE
	EndGlobalSection
	GlobalSection(ExtensibilityGlobals) = postSolution
		SolutionGuid = {E35EC11F-51C2-439B-9511-0933C614A15C}
	EndGlobalSection
EndGlobal
