
Microsoft Visual Studio Solution File, Format Version 12.00
# Visual Studio Version 17
VisualStudioVersion = 17.4.33213.308
MinimumVisualStudioVersion = 10.0.40219.1
Project("{FAE04EC0-301F-11D3-BF4B-00C04F79EFBC}") = "FoodPreference", "FoodPreference.csproj", "{959D8718-A144-457F-A0BC-3A9EA69B94D5}"
EndProject
Global
	GlobalSection(SolutionConfigurationPlatforms) = preSolution
		Debug|Any CPU = Debug|Any CPU
		Release|Any CPU = Release|Any CPU
	EndGlobalSection
	GlobalSection(ProjectConfigurationPlatforms) = postSolution
		{959D8718-A144-457F-A0BC-3A9EA69B94D5}.Debug|Any CPU.ActiveCfg = Debug|Any CPU
		{959D8718-A144-457F-A0BC-3A9EA69B94D5}.Debug|Any CPU.Build.0 = Debug|Any CPU
		{959D8718-A144-457F-A0BC-3A9EA69B94D5}.Release|Any CPU.ActiveCfg = Release|Any CPU
		{959D8718-A144-457F-A0BC-3A9EA69B94D5}.Release|Any CPU.Build.0 = Release|Any CPU
	EndGlobalSection
	GlobalSection(SolutionProperties) = preSolution
		HideSolutionNode = FALSE
	EndGlobalSection
	GlobalSection(ExtensibilityGlobals) = postSolution
		SolutionGuid = {40B78ACB-A777-4425-AE5D-CFAD52C18EF8}
	EndGlobalSection
EndGlobal
