
Microsoft Visual Studio Solution File, Format Version 12.00
# Visual Studio Version 17
VisualStudioVersion = 17.4.33213.308
MinimumVisualStudioVersion = 10.0.40219.1
Project("{FAE04EC0-301F-11D3-BF4B-00C04F79EFBC}") = "FlightFareAndDestination", "FlightFareAndDestination.csproj", "{7A94C3FE-60E2-4D5D-A18C-C682E5F753D2}"
EndProject
Global
	GlobalSection(SolutionConfigurationPlatforms) = preSolution
		Debug|Any CPU = Debug|Any CPU
		Release|Any CPU = Release|Any CPU
	EndGlobalSection
	GlobalSection(ProjectConfigurationPlatforms) = postSolution
		{7A94C3FE-60E2-4D5D-A18C-C682E5F753D2}.Debug|Any CPU.ActiveCfg = Debug|Any CPU
		{7A94C3FE-60E2-4D5D-A18C-C682E5F753D2}.Debug|Any CPU.Build.0 = Debug|Any CPU
		{7A94C3FE-60E2-4D5D-A18C-C682E5F753D2}.Release|Any CPU.ActiveCfg = Release|Any CPU
		{7A94C3FE-60E2-4D5D-A18C-C682E5F753D2}.Release|Any CPU.Build.0 = Release|Any CPU
	EndGlobalSection
	GlobalSection(SolutionProperties) = preSolution
		HideSolutionNode = FALSE
	EndGlobalSection
	GlobalSection(ExtensibilityGlobals) = postSolution
		SolutionGuid = {429283AA-23AE-4EC4-BFC2-A51A699D4A62}
	EndGlobalSection
EndGlobal
