
Microsoft Visual Studio Solution File, Format Version 12.00
# Visual Studio Version 17
VisualStudioVersion = 17.4.33213.308
MinimumVisualStudioVersion = 10.0.40219.1
Project("{FAE04EC0-301F-11D3-BF4B-00C04F79EFBC}") = "TwentyThree", "TwentyThree.csproj", "{876A0EAE-DC76-4CD3-8ECB-DEB393F94708}"
EndProject
Global
	GlobalSection(SolutionConfigurationPlatforms) = preSolution
		Debug|Any CPU = Debug|Any CPU
		Release|Any CPU = Release|Any CPU
	EndGlobalSection
	GlobalSection(ProjectConfigurationPlatforms) = postSolution
		{876A0EAE-DC76-4CD3-8ECB-DEB393F94708}.Debug|Any CPU.ActiveCfg = Debug|Any CPU
		{876A0EAE-DC76-4CD3-8ECB-DEB393F94708}.Debug|Any CPU.Build.0 = Debug|Any CPU
		{876A0EAE-DC76-4CD3-8ECB-DEB393F94708}.Release|Any CPU.ActiveCfg = Release|Any CPU
		{876A0EAE-DC76-4CD3-8ECB-DEB393F94708}.Release|Any CPU.Build.0 = Release|Any CPU
	EndGlobalSection
	GlobalSection(SolutionProperties) = preSolution
		HideSolutionNode = FALSE
	EndGlobalSection
	GlobalSection(ExtensibilityGlobals) = postSolution
		SolutionGuid = {87C94B08-354E-4B4D-91CE-3F34EB7FC45A}
	EndGlobalSection
EndGlobal
